
Microsoft Visual Studio Solution File, Format Version 12.00
# Visual Studio Version 17
VisualStudioVersion = 17.0.32112.339
MinimumVisualStudioVersion = 10.0.40219.1
Project("{9A19103F-16F7-4668-BE54-9A1E7A4F7556}") = "Termo.API", "Termo.API\Termo.API.csproj", "{63E82958-6EBE-448F-94FC-C739C8F70BDD}"
EndProject
Project("{FAE04EC0-301F-11D3-BF4B-00C04F79EFBC}") = "Termo.Models", "Termo.Models\Termo.Models.csproj", "{962DA568-2317-4D5D-9593-F41DFF5598F1}"
EndProject
Project("{FAE04EC0-301F-11D3-BF4B-00C04F79EFBC}") = "Termo.Infrastructure", "Termo.Infrastructure\Termo.Infrastructure.csproj", "{FA3F8B50-992C-408E-96EE-E7628A258FBD}"
EndProject
Global
	GlobalSection(SolutionConfigurationPlatforms) = preSolution
		Debug|Any CPU = Debug|Any CPU
		Release|Any CPU = Release|Any CPU
	EndGlobalSection
	GlobalSection(ProjectConfigurationPlatforms) = postSolution
		{63E82958-6EBE-448F-94FC-C739C8F70BDD}.Debug|Any CPU.ActiveCfg = Debug|Any CPU
		{63E82958-6EBE-448F-94FC-C739C8F70BDD}.Debug|Any CPU.Build.0 = Debug|Any CPU
		{63E82958-6EBE-448F-94FC-C739C8F70BDD}.Release|Any CPU.ActiveCfg = Release|Any CPU
		{63E82958-6EBE-448F-94FC-C739C8F70BDD}.Release|Any CPU.Build.0 = Release|Any CPU
		{962DA568-2317-4D5D-9593-F41DFF5598F1}.Debug|Any CPU.ActiveCfg = Debug|Any CPU
		{962DA568-2317-4D5D-9593-F41DFF5598F1}.Debug|Any CPU.Build.0 = Debug|Any CPU
		{962DA568-2317-4D5D-9593-F41DFF5598F1}.Release|Any CPU.ActiveCfg = Release|Any CPU
		{962DA568-2317-4D5D-9593-F41DFF5598F1}.Release|Any CPU.Build.0 = Release|Any CPU
		{FA3F8B50-992C-408E-96EE-E7628A258FBD}.Debug|Any CPU.ActiveCfg = Debug|Any CPU
		{FA3F8B50-992C-408E-96EE-E7628A258FBD}.Debug|Any CPU.Build.0 = Debug|Any CPU
		{FA3F8B50-992C-408E-96EE-E7628A258FBD}.Release|Any CPU.ActiveCfg = Release|Any CPU
		{FA3F8B50-992C-408E-96EE-E7628A258FBD}.Release|Any CPU.Build.0 = Release|Any CPU
	EndGlobalSection
	GlobalSection(SolutionProperties) = preSolution
		HideSolutionNode = FALSE
	EndGlobalSection
	GlobalSection(ExtensibilityGlobals) = postSolution
		SolutionGuid = {58A35AB0-8CEC-4B85-A3BE-331BE501146C}
	EndGlobalSection
EndGlobal
